
Microsoft Visual Studio Solution File, Format Version 12.00
# Visual Studio Version 16
VisualStudioVersion = 16.0.29411.138
MinimumVisualStudioVersion = 10.0.40219.1
Project("{FAE04EC0-301F-11D3-BF4B-00C04F79EFBC}") = "practice-02", "practice-02\practice-02.csproj", "{33A1D43B-0EF5-44D9-AD96-148A17B3C2C6}"
EndProject
Global
	GlobalSection(SolutionConfigurationPlatforms) = preSolution
		Debug|Any CPU = Debug|Any CPU
		Release|Any CPU = Release|Any CPU
	EndGlobalSection
	GlobalSection(ProjectConfigurationPlatforms) = postSolution
		{33A1D43B-0EF5-44D9-AD96-148A17B3C2C6}.Debug|Any CPU.ActiveCfg = Debug|Any CPU
		{33A1D43B-0EF5-44D9-AD96-148A17B3C2C6}.Debug|Any CPU.Build.0 = Debug|Any CPU
		{33A1D43B-0EF5-44D9-AD96-148A17B3C2C6}.Release|Any CPU.ActiveCfg = Release|Any CPU
		{33A1D43B-0EF5-44D9-AD96-148A17B3C2C6}.Release|Any CPU.Build.0 = Release|Any CPU
	EndGlobalSection
	GlobalSection(SolutionProperties) = preSolution
		HideSolutionNode = FALSE
	EndGlobalSection
	GlobalSection(ExtensibilityGlobals) = postSolution
		SolutionGuid = {5B817D16-8E19-49C2-B006-43D7FD14BF70}
	EndGlobalSection
EndGlobal
