
Microsoft Visual Studio Solution File, Format Version 12.00
# Visual Studio Version 16
VisualStudioVersion = 16.0.29411.138
MinimumVisualStudioVersion = 10.0.40219.1
Project("{FAE04EC0-301F-11D3-BF4B-00C04F79EFBC}") = "practice-01", "practice-01\practice-01.csproj", "{D4EF6785-6152-4CCD-A2D6-E6B88DA0CE8E}"
EndProject
Global
	GlobalSection(SolutionConfigurationPlatforms) = preSolution
		Debug|Any CPU = Debug|Any CPU
		Release|Any CPU = Release|Any CPU
	EndGlobalSection
	GlobalSection(ProjectConfigurationPlatforms) = postSolution
		{D4EF6785-6152-4CCD-A2D6-E6B88DA0CE8E}.Debug|Any CPU.ActiveCfg = Debug|Any CPU
		{D4EF6785-6152-4CCD-A2D6-E6B88DA0CE8E}.Debug|Any CPU.Build.0 = Debug|Any CPU
		{D4EF6785-6152-4CCD-A2D6-E6B88DA0CE8E}.Release|Any CPU.ActiveCfg = Release|Any CPU
		{D4EF6785-6152-4CCD-A2D6-E6B88DA0CE8E}.Release|Any CPU.Build.0 = Release|Any CPU
	EndGlobalSection
	GlobalSection(SolutionProperties) = preSolution
		HideSolutionNode = FALSE
	EndGlobalSection
	GlobalSection(ExtensibilityGlobals) = postSolution
		SolutionGuid = {8333DDA2-8416-4CF7-9B44-3484AB3BC813}
	EndGlobalSection
EndGlobal
