
Microsoft Visual Studio Solution File, Format Version 12.00
# Visual Studio Version 16
VisualStudioVersion = 16.0.29503.13
MinimumVisualStudioVersion = 10.0.40219.1
Project("{FAE04EC0-301F-11D3-BF4B-00C04F79EFBC}") = "tutorial-02", "tutorial-02\tutorial-02.csproj", "{057887BB-0653-49FC-952B-D7D0A9F52F5B}"
EndProject
Global
	GlobalSection(SolutionConfigurationPlatforms) = preSolution
		Debug|Any CPU = Debug|Any CPU
		Release|Any CPU = Release|Any CPU
	EndGlobalSection
	GlobalSection(ProjectConfigurationPlatforms) = postSolution
		{057887BB-0653-49FC-952B-D7D0A9F52F5B}.Debug|Any CPU.ActiveCfg = Debug|Any CPU
		{057887BB-0653-49FC-952B-D7D0A9F52F5B}.Debug|Any CPU.Build.0 = Debug|Any CPU
		{057887BB-0653-49FC-952B-D7D0A9F52F5B}.Release|Any CPU.ActiveCfg = Release|Any CPU
		{057887BB-0653-49FC-952B-D7D0A9F52F5B}.Release|Any CPU.Build.0 = Release|Any CPU
	EndGlobalSection
	GlobalSection(SolutionProperties) = preSolution
		HideSolutionNode = FALSE
	EndGlobalSection
	GlobalSection(ExtensibilityGlobals) = postSolution
		SolutionGuid = {FADB0775-5AA9-4977-8CF4-76C75A3F00FD}
	EndGlobalSection
EndGlobal
