
Microsoft Visual Studio Solution File, Format Version 12.00
# Visual Studio Version 16
VisualStudioVersion = 16.0.29411.138
MinimumVisualStudioVersion = 10.0.40219.1
Project("{FAE04EC0-301F-11D3-BF4B-00C04F79EFBC}") = "practice-03", "practice-03\practice-03.csproj", "{098C237B-19E2-4BBB-A4AD-83251F6C947E}"
EndProject
Global
	GlobalSection(SolutionConfigurationPlatforms) = preSolution
		Debug|Any CPU = Debug|Any CPU
		Release|Any CPU = Release|Any CPU
	EndGlobalSection
	GlobalSection(ProjectConfigurationPlatforms) = postSolution
		{098C237B-19E2-4BBB-A4AD-83251F6C947E}.Debug|Any CPU.ActiveCfg = Debug|Any CPU
		{098C237B-19E2-4BBB-A4AD-83251F6C947E}.Debug|Any CPU.Build.0 = Debug|Any CPU
		{098C237B-19E2-4BBB-A4AD-83251F6C947E}.Release|Any CPU.ActiveCfg = Release|Any CPU
		{098C237B-19E2-4BBB-A4AD-83251F6C947E}.Release|Any CPU.Build.0 = Release|Any CPU
	EndGlobalSection
	GlobalSection(SolutionProperties) = preSolution
		HideSolutionNode = FALSE
	EndGlobalSection
	GlobalSection(ExtensibilityGlobals) = postSolution
		SolutionGuid = {73549F07-5EAE-4802-BD56-0213B9403569}
	EndGlobalSection
EndGlobal
