
Microsoft Visual Studio Solution File, Format Version 12.00
# Visual Studio Version 16
VisualStudioVersion = 16.0.29411.138
MinimumVisualStudioVersion = 10.0.40219.1
Project("{FAE04EC0-301F-11D3-BF4B-00C04F79EFBC}") = "practice-01", "practice-01\practice-01.csproj", "{FDDB6A5C-A0AD-4AEF-AE7D-9D00161FAB34}"
EndProject
Global
	GlobalSection(SolutionConfigurationPlatforms) = preSolution
		Debug|Any CPU = Debug|Any CPU
		Release|Any CPU = Release|Any CPU
	EndGlobalSection
	GlobalSection(ProjectConfigurationPlatforms) = postSolution
		{FDDB6A5C-A0AD-4AEF-AE7D-9D00161FAB34}.Debug|Any CPU.ActiveCfg = Debug|Any CPU
		{FDDB6A5C-A0AD-4AEF-AE7D-9D00161FAB34}.Debug|Any CPU.Build.0 = Debug|Any CPU
		{FDDB6A5C-A0AD-4AEF-AE7D-9D00161FAB34}.Release|Any CPU.ActiveCfg = Release|Any CPU
		{FDDB6A5C-A0AD-4AEF-AE7D-9D00161FAB34}.Release|Any CPU.Build.0 = Release|Any CPU
	EndGlobalSection
	GlobalSection(SolutionProperties) = preSolution
		HideSolutionNode = FALSE
	EndGlobalSection
	GlobalSection(ExtensibilityGlobals) = postSolution
		SolutionGuid = {F7C1E0FB-F3EB-4CB1-A6FA-5DE7CD0C9F4C}
	EndGlobalSection
EndGlobal
