
Microsoft Visual Studio Solution File, Format Version 12.00
# Visual Studio Version 16
VisualStudioVersion = 16.0.29411.138
MinimumVisualStudioVersion = 10.0.40219.1
Project("{FAE04EC0-301F-11D3-BF4B-00C04F79EFBC}") = "practice-04", "practice-04\practice-04.csproj", "{7E1CF493-8578-4D8C-A461-E5DCC1709776}"
EndProject
Global
	GlobalSection(SolutionConfigurationPlatforms) = preSolution
		Debug|Any CPU = Debug|Any CPU
		Release|Any CPU = Release|Any CPU
	EndGlobalSection
	GlobalSection(ProjectConfigurationPlatforms) = postSolution
		{7E1CF493-8578-4D8C-A461-E5DCC1709776}.Debug|Any CPU.ActiveCfg = Debug|Any CPU
		{7E1CF493-8578-4D8C-A461-E5DCC1709776}.Debug|Any CPU.Build.0 = Debug|Any CPU
		{7E1CF493-8578-4D8C-A461-E5DCC1709776}.Release|Any CPU.ActiveCfg = Release|Any CPU
		{7E1CF493-8578-4D8C-A461-E5DCC1709776}.Release|Any CPU.Build.0 = Release|Any CPU
	EndGlobalSection
	GlobalSection(SolutionProperties) = preSolution
		HideSolutionNode = FALSE
	EndGlobalSection
	GlobalSection(ExtensibilityGlobals) = postSolution
		SolutionGuid = {11CAAEC1-0722-4BFA-8EF3-769955CEC88B}
	EndGlobalSection
EndGlobal
