
Microsoft Visual Studio Solution File, Format Version 12.00
# Visual Studio Version 16
VisualStudioVersion = 16.0.29411.138
MinimumVisualStudioVersion = 10.0.40219.1
Project("{FAE04EC0-301F-11D3-BF4B-00C04F79EFBC}") = "practice-01", "practice-01\practice-01.csproj", "{AD266FC4-19F4-49F5-83D8-566D8C6742B5}"
EndProject
Global
	GlobalSection(SolutionConfigurationPlatforms) = preSolution
		Debug|Any CPU = Debug|Any CPU
		Release|Any CPU = Release|Any CPU
	EndGlobalSection
	GlobalSection(ProjectConfigurationPlatforms) = postSolution
		{AD266FC4-19F4-49F5-83D8-566D8C6742B5}.Debug|Any CPU.ActiveCfg = Debug|Any CPU
		{AD266FC4-19F4-49F5-83D8-566D8C6742B5}.Debug|Any CPU.Build.0 = Debug|Any CPU
		{AD266FC4-19F4-49F5-83D8-566D8C6742B5}.Release|Any CPU.ActiveCfg = Release|Any CPU
		{AD266FC4-19F4-49F5-83D8-566D8C6742B5}.Release|Any CPU.Build.0 = Release|Any CPU
	EndGlobalSection
	GlobalSection(SolutionProperties) = preSolution
		HideSolutionNode = FALSE
	EndGlobalSection
	GlobalSection(ExtensibilityGlobals) = postSolution
		SolutionGuid = {77DCC73F-15CC-47D0-9ACE-460CBB0A35DC}
	EndGlobalSection
EndGlobal
