
Microsoft Visual Studio Solution File, Format Version 12.00
# Visual Studio Version 16
VisualStudioVersion = 16.0.29424.173
MinimumVisualStudioVersion = 10.0.40219.1
Project("{FAE04EC0-301F-11D3-BF4B-00C04F79EFBC}") = "tutorial-02", "tutorial-02\tutorial-02.csproj", "{025CCD75-EADD-420C-8543-871350883DB4}"
EndProject
Global
	GlobalSection(SolutionConfigurationPlatforms) = preSolution
		Debug|Any CPU = Debug|Any CPU
		Release|Any CPU = Release|Any CPU
	EndGlobalSection
	GlobalSection(ProjectConfigurationPlatforms) = postSolution
		{025CCD75-EADD-420C-8543-871350883DB4}.Debug|Any CPU.ActiveCfg = Debug|Any CPU
		{025CCD75-EADD-420C-8543-871350883DB4}.Debug|Any CPU.Build.0 = Debug|Any CPU
		{025CCD75-EADD-420C-8543-871350883DB4}.Release|Any CPU.ActiveCfg = Release|Any CPU
		{025CCD75-EADD-420C-8543-871350883DB4}.Release|Any CPU.Build.0 = Release|Any CPU
	EndGlobalSection
	GlobalSection(SolutionProperties) = preSolution
		HideSolutionNode = FALSE
	EndGlobalSection
	GlobalSection(ExtensibilityGlobals) = postSolution
		SolutionGuid = {6C167AE2-4403-4FF2-8C10-9DBA7E5B5E79}
	EndGlobalSection
EndGlobal
