
Microsoft Visual Studio Solution File, Format Version 12.00
# Visual Studio Version 16
VisualStudioVersion = 16.0.29503.13
MinimumVisualStudioVersion = 10.0.40219.1
Project("{FAE04EC0-301F-11D3-BF4B-00C04F79EFBC}") = "tutorial-01", "tutorial-01\tutorial-01.csproj", "{1F646C70-5DC7-4761-8487-130686E212AB}"
EndProject
Global
	GlobalSection(SolutionConfigurationPlatforms) = preSolution
		Debug|Any CPU = Debug|Any CPU
		Release|Any CPU = Release|Any CPU
	EndGlobalSection
	GlobalSection(ProjectConfigurationPlatforms) = postSolution
		{1F646C70-5DC7-4761-8487-130686E212AB}.Debug|Any CPU.ActiveCfg = Debug|Any CPU
		{1F646C70-5DC7-4761-8487-130686E212AB}.Debug|Any CPU.Build.0 = Debug|Any CPU
		{1F646C70-5DC7-4761-8487-130686E212AB}.Release|Any CPU.ActiveCfg = Release|Any CPU
		{1F646C70-5DC7-4761-8487-130686E212AB}.Release|Any CPU.Build.0 = Release|Any CPU
	EndGlobalSection
	GlobalSection(SolutionProperties) = preSolution
		HideSolutionNode = FALSE
	EndGlobalSection
	GlobalSection(ExtensibilityGlobals) = postSolution
		SolutionGuid = {DF4EC6FA-78E2-4A64-9D7E-66FFC4B3FA67}
	EndGlobalSection
EndGlobal
