
Microsoft Visual Studio Solution File, Format Version 12.00
# Visual Studio Version 16
VisualStudioVersion = 16.0.29424.173
MinimumVisualStudioVersion = 10.0.40219.1
Project("{FAE04EC0-301F-11D3-BF4B-00C04F79EFBC}") = "tutorial-01", "tutorial-01\tutorial-01.csproj", "{001B642E-21D5-4792-A71B-DC8FD8D07F88}"
EndProject
Global
	GlobalSection(SolutionConfigurationPlatforms) = preSolution
		Debug|Any CPU = Debug|Any CPU
		Release|Any CPU = Release|Any CPU
	EndGlobalSection
	GlobalSection(ProjectConfigurationPlatforms) = postSolution
		{001B642E-21D5-4792-A71B-DC8FD8D07F88}.Debug|Any CPU.ActiveCfg = Debug|Any CPU
		{001B642E-21D5-4792-A71B-DC8FD8D07F88}.Debug|Any CPU.Build.0 = Debug|Any CPU
		{001B642E-21D5-4792-A71B-DC8FD8D07F88}.Release|Any CPU.ActiveCfg = Release|Any CPU
		{001B642E-21D5-4792-A71B-DC8FD8D07F88}.Release|Any CPU.Build.0 = Release|Any CPU
	EndGlobalSection
	GlobalSection(SolutionProperties) = preSolution
		HideSolutionNode = FALSE
	EndGlobalSection
	GlobalSection(ExtensibilityGlobals) = postSolution
		SolutionGuid = {5932C324-175F-4A1B-B4A3-DDD54159F363}
	EndGlobalSection
EndGlobal
