
Microsoft Visual Studio Solution File, Format Version 12.00
# Visual Studio Version 16
VisualStudioVersion = 16.0.29503.13
MinimumVisualStudioVersion = 10.0.40219.1
Project("{FAE04EC0-301F-11D3-BF4B-00C04F79EFBC}") = "tutorial-02", "tutorial-02\tutorial-02.csproj", "{FF4C1927-32C6-4A67-BF06-2E08A169092C}"
EndProject
Global
	GlobalSection(SolutionConfigurationPlatforms) = preSolution
		Debug|Any CPU = Debug|Any CPU
		Release|Any CPU = Release|Any CPU
	EndGlobalSection
	GlobalSection(ProjectConfigurationPlatforms) = postSolution
		{FF4C1927-32C6-4A67-BF06-2E08A169092C}.Debug|Any CPU.ActiveCfg = Debug|Any CPU
		{FF4C1927-32C6-4A67-BF06-2E08A169092C}.Debug|Any CPU.Build.0 = Debug|Any CPU
		{FF4C1927-32C6-4A67-BF06-2E08A169092C}.Release|Any CPU.ActiveCfg = Release|Any CPU
		{FF4C1927-32C6-4A67-BF06-2E08A169092C}.Release|Any CPU.Build.0 = Release|Any CPU
	EndGlobalSection
	GlobalSection(SolutionProperties) = preSolution
		HideSolutionNode = FALSE
	EndGlobalSection
	GlobalSection(ExtensibilityGlobals) = postSolution
		SolutionGuid = {A6C8AD01-13EB-426D-932B-359CF331C1F2}
	EndGlobalSection
EndGlobal
