
Microsoft Visual Studio Solution File, Format Version 12.00
# Visual Studio Version 16
VisualStudioVersion = 16.0.29424.173
MinimumVisualStudioVersion = 10.0.40219.1
Project("{FAE04EC0-301F-11D3-BF4B-00C04F79EFBC}") = "tutorial-03", "tutorial-03\tutorial-03.csproj", "{1ABCAC83-0DDA-47C3-9764-1D16E8852B28}"
EndProject
Global
	GlobalSection(SolutionConfigurationPlatforms) = preSolution
		Debug|Any CPU = Debug|Any CPU
		Release|Any CPU = Release|Any CPU
	EndGlobalSection
	GlobalSection(ProjectConfigurationPlatforms) = postSolution
		{1ABCAC83-0DDA-47C3-9764-1D16E8852B28}.Debug|Any CPU.ActiveCfg = Debug|Any CPU
		{1ABCAC83-0DDA-47C3-9764-1D16E8852B28}.Debug|Any CPU.Build.0 = Debug|Any CPU
		{1ABCAC83-0DDA-47C3-9764-1D16E8852B28}.Release|Any CPU.ActiveCfg = Release|Any CPU
		{1ABCAC83-0DDA-47C3-9764-1D16E8852B28}.Release|Any CPU.Build.0 = Release|Any CPU
	EndGlobalSection
	GlobalSection(SolutionProperties) = preSolution
		HideSolutionNode = FALSE
	EndGlobalSection
	GlobalSection(ExtensibilityGlobals) = postSolution
		SolutionGuid = {8F4C7A4D-3B8A-4EFC-8F14-D971D3073B79}
	EndGlobalSection
EndGlobal
