
Microsoft Visual Studio Solution File, Format Version 12.00
# Visual Studio Version 16
VisualStudioVersion = 16.0.29411.138
MinimumVisualStudioVersion = 10.0.40219.1
Project("{FAE04EC0-301F-11D3-BF4B-00C04F79EFBC}") = "practice-02", "practice-02\practice-02.csproj", "{573C7B2E-4876-4972-A360-225F73CB5F4A}"
EndProject
Global
	GlobalSection(SolutionConfigurationPlatforms) = preSolution
		Debug|Any CPU = Debug|Any CPU
		Release|Any CPU = Release|Any CPU
	EndGlobalSection
	GlobalSection(ProjectConfigurationPlatforms) = postSolution
		{573C7B2E-4876-4972-A360-225F73CB5F4A}.Debug|Any CPU.ActiveCfg = Debug|Any CPU
		{573C7B2E-4876-4972-A360-225F73CB5F4A}.Debug|Any CPU.Build.0 = Debug|Any CPU
		{573C7B2E-4876-4972-A360-225F73CB5F4A}.Release|Any CPU.ActiveCfg = Release|Any CPU
		{573C7B2E-4876-4972-A360-225F73CB5F4A}.Release|Any CPU.Build.0 = Release|Any CPU
	EndGlobalSection
	GlobalSection(SolutionProperties) = preSolution
		HideSolutionNode = FALSE
	EndGlobalSection
	GlobalSection(ExtensibilityGlobals) = postSolution
		SolutionGuid = {880BC4BB-36FF-443C-8AB6-0D05CCED4AD4}
	EndGlobalSection
EndGlobal
