
Microsoft Visual Studio Solution File, Format Version 12.00
# Visual Studio Version 16
VisualStudioVersion = 16.0.29411.138
MinimumVisualStudioVersion = 10.0.40219.1
Project("{FAE04EC0-301F-11D3-BF4B-00C04F79EFBC}") = "practice-01", "practice-01\practice-01.csproj", "{3EE6CD00-2684-46A5-B963-A101FB9BECDB}"
EndProject
Global
	GlobalSection(SolutionConfigurationPlatforms) = preSolution
		Debug|Any CPU = Debug|Any CPU
		Release|Any CPU = Release|Any CPU
	EndGlobalSection
	GlobalSection(ProjectConfigurationPlatforms) = postSolution
		{3EE6CD00-2684-46A5-B963-A101FB9BECDB}.Debug|Any CPU.ActiveCfg = Debug|Any CPU
		{3EE6CD00-2684-46A5-B963-A101FB9BECDB}.Debug|Any CPU.Build.0 = Debug|Any CPU
		{3EE6CD00-2684-46A5-B963-A101FB9BECDB}.Release|Any CPU.ActiveCfg = Release|Any CPU
		{3EE6CD00-2684-46A5-B963-A101FB9BECDB}.Release|Any CPU.Build.0 = Release|Any CPU
	EndGlobalSection
	GlobalSection(SolutionProperties) = preSolution
		HideSolutionNode = FALSE
	EndGlobalSection
	GlobalSection(ExtensibilityGlobals) = postSolution
		SolutionGuid = {2604D455-54B3-4539-9C7D-CB57A974DFA1}
	EndGlobalSection
EndGlobal
