
Microsoft Visual Studio Solution File, Format Version 12.00
# Visual Studio Version 16
VisualStudioVersion = 16.0.29424.173
MinimumVisualStudioVersion = 10.0.40219.1
Project("{FAE04EC0-301F-11D3-BF4B-00C04F79EFBC}") = "tutorial-02", "tutorial-02\tutorial-02.csproj", "{4CDF5D51-9FD4-41B4-925F-17571786DD52}"
EndProject
Global
	GlobalSection(SolutionConfigurationPlatforms) = preSolution
		Debug|Any CPU = Debug|Any CPU
		Release|Any CPU = Release|Any CPU
	EndGlobalSection
	GlobalSection(ProjectConfigurationPlatforms) = postSolution
		{4CDF5D51-9FD4-41B4-925F-17571786DD52}.Debug|Any CPU.ActiveCfg = Debug|Any CPU
		{4CDF5D51-9FD4-41B4-925F-17571786DD52}.Debug|Any CPU.Build.0 = Debug|Any CPU
		{4CDF5D51-9FD4-41B4-925F-17571786DD52}.Release|Any CPU.ActiveCfg = Release|Any CPU
		{4CDF5D51-9FD4-41B4-925F-17571786DD52}.Release|Any CPU.Build.0 = Release|Any CPU
	EndGlobalSection
	GlobalSection(SolutionProperties) = preSolution
		HideSolutionNode = FALSE
	EndGlobalSection
	GlobalSection(ExtensibilityGlobals) = postSolution
		SolutionGuid = {580D287F-C029-40B9-82E5-F64DD7D00863}
	EndGlobalSection
EndGlobal
