
Microsoft Visual Studio Solution File, Format Version 12.00
# Visual Studio Version 16
VisualStudioVersion = 16.0.29424.173
MinimumVisualStudioVersion = 10.0.40219.1
Project("{FAE04EC0-301F-11D3-BF4B-00C04F79EFBC}") = "tutorial-02", "tutorial-02\tutorial-02.csproj", "{1BCE50FC-5963-45E7-8DA8-1AF1B29766FE}"
EndProject
Global
	GlobalSection(SolutionConfigurationPlatforms) = preSolution
		Debug|Any CPU = Debug|Any CPU
		Release|Any CPU = Release|Any CPU
	EndGlobalSection
	GlobalSection(ProjectConfigurationPlatforms) = postSolution
		{1BCE50FC-5963-45E7-8DA8-1AF1B29766FE}.Debug|Any CPU.ActiveCfg = Debug|Any CPU
		{1BCE50FC-5963-45E7-8DA8-1AF1B29766FE}.Debug|Any CPU.Build.0 = Debug|Any CPU
		{1BCE50FC-5963-45E7-8DA8-1AF1B29766FE}.Release|Any CPU.ActiveCfg = Release|Any CPU
		{1BCE50FC-5963-45E7-8DA8-1AF1B29766FE}.Release|Any CPU.Build.0 = Release|Any CPU
	EndGlobalSection
	GlobalSection(SolutionProperties) = preSolution
		HideSolutionNode = FALSE
	EndGlobalSection
	GlobalSection(ExtensibilityGlobals) = postSolution
		SolutionGuid = {274D1965-1036-4041-BAC0-8AD9BAA13A8A}
	EndGlobalSection
EndGlobal
