
Microsoft Visual Studio Solution File, Format Version 12.00
# Visual Studio Version 16
VisualStudioVersion = 16.0.29424.173
MinimumVisualStudioVersion = 10.0.40219.1
Project("{FAE04EC0-301F-11D3-BF4B-00C04F79EFBC}") = "tutorial-01", "tutorial-01\tutorial-01.csproj", "{B3C13AB6-F47A-485A-9348-5BCA42E92C97}"
EndProject
Global
	GlobalSection(SolutionConfigurationPlatforms) = preSolution
		Debug|Any CPU = Debug|Any CPU
		Release|Any CPU = Release|Any CPU
	EndGlobalSection
	GlobalSection(ProjectConfigurationPlatforms) = postSolution
		{B3C13AB6-F47A-485A-9348-5BCA42E92C97}.Debug|Any CPU.ActiveCfg = Debug|Any CPU
		{B3C13AB6-F47A-485A-9348-5BCA42E92C97}.Debug|Any CPU.Build.0 = Debug|Any CPU
		{B3C13AB6-F47A-485A-9348-5BCA42E92C97}.Release|Any CPU.ActiveCfg = Release|Any CPU
		{B3C13AB6-F47A-485A-9348-5BCA42E92C97}.Release|Any CPU.Build.0 = Release|Any CPU
	EndGlobalSection
	GlobalSection(SolutionProperties) = preSolution
		HideSolutionNode = FALSE
	EndGlobalSection
	GlobalSection(ExtensibilityGlobals) = postSolution
		SolutionGuid = {E92B0219-1EA8-4099-9353-48441E298D50}
	EndGlobalSection
EndGlobal
