
Microsoft Visual Studio Solution File, Format Version 12.00
# Visual Studio Version 16
VisualStudioVersion = 16.0.29503.13
MinimumVisualStudioVersion = 10.0.40219.1
Project("{FAE04EC0-301F-11D3-BF4B-00C04F79EFBC}") = "tutorial-02", "tutorial-02\tutorial-02.csproj", "{03066646-F326-4169-8F1D-66B247E22ED2}"
EndProject
Global
	GlobalSection(SolutionConfigurationPlatforms) = preSolution
		Debug|Any CPU = Debug|Any CPU
		Release|Any CPU = Release|Any CPU
	EndGlobalSection
	GlobalSection(ProjectConfigurationPlatforms) = postSolution
		{03066646-F326-4169-8F1D-66B247E22ED2}.Debug|Any CPU.ActiveCfg = Debug|Any CPU
		{03066646-F326-4169-8F1D-66B247E22ED2}.Debug|Any CPU.Build.0 = Debug|Any CPU
		{03066646-F326-4169-8F1D-66B247E22ED2}.Release|Any CPU.ActiveCfg = Release|Any CPU
		{03066646-F326-4169-8F1D-66B247E22ED2}.Release|Any CPU.Build.0 = Release|Any CPU
	EndGlobalSection
	GlobalSection(SolutionProperties) = preSolution
		HideSolutionNode = FALSE
	EndGlobalSection
	GlobalSection(ExtensibilityGlobals) = postSolution
		SolutionGuid = {498232CC-2411-4D06-BA0F-A658B8A5493C}
	EndGlobalSection
EndGlobal
