
Microsoft Visual Studio Solution File, Format Version 12.00
# Visual Studio Version 16
VisualStudioVersion = 16.0.29411.138
MinimumVisualStudioVersion = 10.0.40219.1
Project("{FAE04EC0-301F-11D3-BF4B-00C04F79EFBC}") = "practice-04", "practice-04\practice-04.csproj", "{262BE7E0-462B-462B-8418-2CADC4B5B06E}"
EndProject
Global
	GlobalSection(SolutionConfigurationPlatforms) = preSolution
		Debug|Any CPU = Debug|Any CPU
		Release|Any CPU = Release|Any CPU
	EndGlobalSection
	GlobalSection(ProjectConfigurationPlatforms) = postSolution
		{262BE7E0-462B-462B-8418-2CADC4B5B06E}.Debug|Any CPU.ActiveCfg = Debug|Any CPU
		{262BE7E0-462B-462B-8418-2CADC4B5B06E}.Debug|Any CPU.Build.0 = Debug|Any CPU
		{262BE7E0-462B-462B-8418-2CADC4B5B06E}.Release|Any CPU.ActiveCfg = Release|Any CPU
		{262BE7E0-462B-462B-8418-2CADC4B5B06E}.Release|Any CPU.Build.0 = Release|Any CPU
	EndGlobalSection
	GlobalSection(SolutionProperties) = preSolution
		HideSolutionNode = FALSE
	EndGlobalSection
	GlobalSection(ExtensibilityGlobals) = postSolution
		SolutionGuid = {B01AD961-110B-4B97-9702-A28E41AB32F4}
	EndGlobalSection
EndGlobal
