
Microsoft Visual Studio Solution File, Format Version 12.00
# Visual Studio Version 16
VisualStudioVersion = 16.0.29503.13
MinimumVisualStudioVersion = 10.0.40219.1
Project("{FAE04EC0-301F-11D3-BF4B-00C04F79EFBC}") = "tutorial-02", "tutorial-02\tutorial-02.csproj", "{C9C561D8-FA9A-4140-8F05-77AA7DBBCDC5}"
EndProject
Global
	GlobalSection(SolutionConfigurationPlatforms) = preSolution
		Debug|Any CPU = Debug|Any CPU
		Release|Any CPU = Release|Any CPU
	EndGlobalSection
	GlobalSection(ProjectConfigurationPlatforms) = postSolution
		{C9C561D8-FA9A-4140-8F05-77AA7DBBCDC5}.Debug|Any CPU.ActiveCfg = Debug|Any CPU
		{C9C561D8-FA9A-4140-8F05-77AA7DBBCDC5}.Debug|Any CPU.Build.0 = Debug|Any CPU
		{C9C561D8-FA9A-4140-8F05-77AA7DBBCDC5}.Release|Any CPU.ActiveCfg = Release|Any CPU
		{C9C561D8-FA9A-4140-8F05-77AA7DBBCDC5}.Release|Any CPU.Build.0 = Release|Any CPU
	EndGlobalSection
	GlobalSection(SolutionProperties) = preSolution
		HideSolutionNode = FALSE
	EndGlobalSection
	GlobalSection(ExtensibilityGlobals) = postSolution
		SolutionGuid = {90A4DD78-F0F5-4368-87B9-2293A5D18D00}
	EndGlobalSection
EndGlobal
