
Microsoft Visual Studio Solution File, Format Version 12.00
# Visual Studio Version 16
VisualStudioVersion = 16.0.29411.138
MinimumVisualStudioVersion = 10.0.40219.1
Project("{FAE04EC0-301F-11D3-BF4B-00C04F79EFBC}") = "practice-02", "practice-02\practice-02.csproj", "{F03AE2F2-6336-46AD-B310-DEFC59E00FB1}"
EndProject
Global
	GlobalSection(SolutionConfigurationPlatforms) = preSolution
		Debug|Any CPU = Debug|Any CPU
		Release|Any CPU = Release|Any CPU
	EndGlobalSection
	GlobalSection(ProjectConfigurationPlatforms) = postSolution
		{F03AE2F2-6336-46AD-B310-DEFC59E00FB1}.Debug|Any CPU.ActiveCfg = Debug|Any CPU
		{F03AE2F2-6336-46AD-B310-DEFC59E00FB1}.Debug|Any CPU.Build.0 = Debug|Any CPU
		{F03AE2F2-6336-46AD-B310-DEFC59E00FB1}.Release|Any CPU.ActiveCfg = Release|Any CPU
		{F03AE2F2-6336-46AD-B310-DEFC59E00FB1}.Release|Any CPU.Build.0 = Release|Any CPU
	EndGlobalSection
	GlobalSection(SolutionProperties) = preSolution
		HideSolutionNode = FALSE
	EndGlobalSection
	GlobalSection(ExtensibilityGlobals) = postSolution
		SolutionGuid = {2134D22A-8FEB-40EC-B594-6F1542DC1F55}
	EndGlobalSection
EndGlobal
