
Microsoft Visual Studio Solution File, Format Version 12.00
# Visual Studio Version 16
VisualStudioVersion = 16.0.29411.138
MinimumVisualStudioVersion = 10.0.40219.1
Project("{FAE04EC0-301F-11D3-BF4B-00C04F79EFBC}") = "practice-02", "practice-02\practice-02.csproj", "{3FBA32B8-8539-4380-B3B3-86B372F16F61}"
EndProject
Global
	GlobalSection(SolutionConfigurationPlatforms) = preSolution
		Debug|Any CPU = Debug|Any CPU
		Release|Any CPU = Release|Any CPU
	EndGlobalSection
	GlobalSection(ProjectConfigurationPlatforms) = postSolution
		{3FBA32B8-8539-4380-B3B3-86B372F16F61}.Debug|Any CPU.ActiveCfg = Debug|Any CPU
		{3FBA32B8-8539-4380-B3B3-86B372F16F61}.Debug|Any CPU.Build.0 = Debug|Any CPU
		{3FBA32B8-8539-4380-B3B3-86B372F16F61}.Release|Any CPU.ActiveCfg = Release|Any CPU
		{3FBA32B8-8539-4380-B3B3-86B372F16F61}.Release|Any CPU.Build.0 = Release|Any CPU
	EndGlobalSection
	GlobalSection(SolutionProperties) = preSolution
		HideSolutionNode = FALSE
	EndGlobalSection
	GlobalSection(ExtensibilityGlobals) = postSolution
		SolutionGuid = {A352BF9C-503E-4D97-BEC7-99525E66A621}
	EndGlobalSection
EndGlobal
