
Microsoft Visual Studio Solution File, Format Version 12.00
# Visual Studio Version 16
VisualStudioVersion = 16.0.29503.13
MinimumVisualStudioVersion = 10.0.40219.1
Project("{FAE04EC0-301F-11D3-BF4B-00C04F79EFBC}") = "tutorial-02", "tutorial-02\tutorial-02.csproj", "{4161D145-C7A7-4F13-81DA-652AD5266924}"
EndProject
Global
	GlobalSection(SolutionConfigurationPlatforms) = preSolution
		Debug|Any CPU = Debug|Any CPU
		Release|Any CPU = Release|Any CPU
	EndGlobalSection
	GlobalSection(ProjectConfigurationPlatforms) = postSolution
		{4161D145-C7A7-4F13-81DA-652AD5266924}.Debug|Any CPU.ActiveCfg = Debug|Any CPU
		{4161D145-C7A7-4F13-81DA-652AD5266924}.Debug|Any CPU.Build.0 = Debug|Any CPU
		{4161D145-C7A7-4F13-81DA-652AD5266924}.Release|Any CPU.ActiveCfg = Release|Any CPU
		{4161D145-C7A7-4F13-81DA-652AD5266924}.Release|Any CPU.Build.0 = Release|Any CPU
	EndGlobalSection
	GlobalSection(SolutionProperties) = preSolution
		HideSolutionNode = FALSE
	EndGlobalSection
	GlobalSection(ExtensibilityGlobals) = postSolution
		SolutionGuid = {AC313C1F-7DDB-461B-8E6B-71686F8AB828}
	EndGlobalSection
EndGlobal
