
Microsoft Visual Studio Solution File, Format Version 12.00
# Visual Studio Version 16
VisualStudioVersion = 16.0.29411.138
MinimumVisualStudioVersion = 10.0.40219.1
Project("{FAE04EC0-301F-11D3-BF4B-00C04F79EFBC}") = "practice-02", "practice-02\practice-02.csproj", "{4F529A35-0B46-42BC-9611-5C102CDB5E8D}"
EndProject
Global
	GlobalSection(SolutionConfigurationPlatforms) = preSolution
		Debug|Any CPU = Debug|Any CPU
		Release|Any CPU = Release|Any CPU
	EndGlobalSection
	GlobalSection(ProjectConfigurationPlatforms) = postSolution
		{4F529A35-0B46-42BC-9611-5C102CDB5E8D}.Debug|Any CPU.ActiveCfg = Debug|Any CPU
		{4F529A35-0B46-42BC-9611-5C102CDB5E8D}.Debug|Any CPU.Build.0 = Debug|Any CPU
		{4F529A35-0B46-42BC-9611-5C102CDB5E8D}.Release|Any CPU.ActiveCfg = Release|Any CPU
		{4F529A35-0B46-42BC-9611-5C102CDB5E8D}.Release|Any CPU.Build.0 = Release|Any CPU
	EndGlobalSection
	GlobalSection(SolutionProperties) = preSolution
		HideSolutionNode = FALSE
	EndGlobalSection
	GlobalSection(ExtensibilityGlobals) = postSolution
		SolutionGuid = {4EC40C3D-C91C-463E-A5B0-7D21711247CD}
	EndGlobalSection
EndGlobal
