
Microsoft Visual Studio Solution File, Format Version 12.00
# Visual Studio Version 16
VisualStudioVersion = 16.0.29424.173
MinimumVisualStudioVersion = 10.0.40219.1
Project("{FAE04EC0-301F-11D3-BF4B-00C04F79EFBC}") = "CarsRent", "CarsRent\CarsRent.csproj", "{8AB6923B-0650-4D1A-AA70-36903C7714AC}"
EndProject
Global
	GlobalSection(SolutionConfigurationPlatforms) = preSolution
		Debug|Any CPU = Debug|Any CPU
		Release|Any CPU = Release|Any CPU
	EndGlobalSection
	GlobalSection(ProjectConfigurationPlatforms) = postSolution
		{8AB6923B-0650-4D1A-AA70-36903C7714AC}.Debug|Any CPU.ActiveCfg = Debug|Any CPU
		{8AB6923B-0650-4D1A-AA70-36903C7714AC}.Debug|Any CPU.Build.0 = Debug|Any CPU
		{8AB6923B-0650-4D1A-AA70-36903C7714AC}.Release|Any CPU.ActiveCfg = Release|Any CPU
		{8AB6923B-0650-4D1A-AA70-36903C7714AC}.Release|Any CPU.Build.0 = Release|Any CPU
	EndGlobalSection
	GlobalSection(SolutionProperties) = preSolution
		HideSolutionNode = FALSE
	EndGlobalSection
	GlobalSection(ExtensibilityGlobals) = postSolution
		SolutionGuid = {B3C61C03-C94A-4CF6-AEDA-EE04D32D42EA}
	EndGlobalSection
EndGlobal
